
Microsoft Visual Studio Solution File, Format Version 12.00
# Visual Studio Version 16
VisualStudioVersion = 16.0.30128.74
MinimumVisualStudioVersion = 10.0.40219.1
Project("{FAE04EC0-301F-11D3-BF4B-00C04F79EFBC}") = "SampleRestApi", "SampleRestApi\SampleRestApi.csproj", "{421503B4-7E7E-425E-A515-3CD018924F72}"
EndProject
Project("{FAE04EC0-301F-11D3-BF4B-00C04F79EFBC}") = "SampleRestApi.UnitTests", "SampleRestApi.UnitTests\SampleRestApi.UnitTests.csproj", "{22520D50-4B67-4942-AD17-D5658EC0313A}"
EndProject
Global
	GlobalSection(SolutionConfigurationPlatforms) = preSolution
		Debug|Any CPU = Debug|Any CPU
		Release|Any CPU = Release|Any CPU
	EndGlobalSection
	GlobalSection(ProjectConfigurationPlatforms) = postSolution
		{421503B4-7E7E-425E-A515-3CD018924F72}.Debug|Any CPU.ActiveCfg = Debug|Any CPU
		{421503B4-7E7E-425E-A515-3CD018924F72}.Debug|Any CPU.Build.0 = Debug|Any CPU
		{421503B4-7E7E-425E-A515-3CD018924F72}.Release|Any CPU.ActiveCfg = Release|Any CPU
		{421503B4-7E7E-425E-A515-3CD018924F72}.Release|Any CPU.Build.0 = Release|Any CPU
		{22520D50-4B67-4942-AD17-D5658EC0313A}.Debug|Any CPU.ActiveCfg = Debug|Any CPU
		{22520D50-4B67-4942-AD17-D5658EC0313A}.Debug|Any CPU.Build.0 = Debug|Any CPU
		{22520D50-4B67-4942-AD17-D5658EC0313A}.Release|Any CPU.ActiveCfg = Release|Any CPU
		{22520D50-4B67-4942-AD17-D5658EC0313A}.Release|Any CPU.Build.0 = Release|Any CPU
	EndGlobalSection
	GlobalSection(SolutionProperties) = preSolution
		HideSolutionNode = FALSE
	EndGlobalSection
	GlobalSection(ExtensibilityGlobals) = postSolution
		SolutionGuid = {BDEDE46F-6D56-487E-8171-637D6831A63C}
	EndGlobalSection
EndGlobal
